
Microsoft Visual Studio Solution File, Format Version 12.00
# Visual Studio Version 17
VisualStudioVersion = 17.14.36616.10 d17.14
MinimumVisualStudioVersion = 10.0.40219.1
Project("{FAE04EC0-301F-11D3-BF4B-00C04F79EFBC}") = "BusBookingAPI", "BusBookingAPI\BusBookingAPI.csproj", "{14D4ABF9-0557-4F6C-8195-46C1B8E55878}"
EndProject
Global
	GlobalSection(SolutionConfigurationPlatforms) = preSolution
		Debug|Any CPU = Debug|Any CPU
		Release|Any CPU = Release|Any CPU
	EndGlobalSection
	GlobalSection(ProjectConfigurationPlatforms) = postSolution
		{14D4ABF9-0557-4F6C-8195-46C1B8E55878}.Debug|Any CPU.ActiveCfg = Debug|Any CPU
		{14D4ABF9-0557-4F6C-8195-46C1B8E55878}.Debug|Any CPU.Build.0 = Debug|Any CPU
		{14D4ABF9-0557-4F6C-8195-46C1B8E55878}.Release|Any CPU.ActiveCfg = Release|Any CPU
		{14D4ABF9-0557-4F6C-8195-46C1B8E55878}.Release|Any CPU.Build.0 = Release|Any CPU
	EndGlobalSection
	GlobalSection(SolutionProperties) = preSolution
		HideSolutionNode = FALSE
	EndGlobalSection
	GlobalSection(ExtensibilityGlobals) = postSolution
		SolutionGuid = {4E76C002-C44A-4F75-BFF3-37C777F1A3F0}
	EndGlobalSection
EndGlobal
